
Microsoft Visual Studio Solution File, Format Version 12.00
# Visual Studio Version 16
VisualStudioVersion = 16.0.30717.126
MinimumVisualStudioVersion = 10.0.40219.1
Project("{FAE04EC0-301F-11D3-BF4B-00C04F79EFBC}") = "IAmTwo", "IAmTwo\IAmTwo.csproj", "{2CD5EC57-E65E-4B28-80A7-8CF492C48D05}"
EndProject
Global
	GlobalSection(SolutionConfigurationPlatforms) = preSolution
		Debug|Any CPU = Debug|Any CPU
		Release|Any CPU = Release|Any CPU
		Test-Level|Any CPU = Test-Level|Any CPU
	EndGlobalSection
	GlobalSection(ProjectConfigurationPlatforms) = postSolution
		{2CD5EC57-E65E-4B28-80A7-8CF492C48D05}.Debug|Any CPU.ActiveCfg = Debug|Any CPU
		{2CD5EC57-E65E-4B28-80A7-8CF492C48D05}.Debug|Any CPU.Build.0 = Debug|Any CPU
		{2CD5EC57-E65E-4B28-80A7-8CF492C48D05}.Release|Any CPU.ActiveCfg = Release|Any CPU
		{2CD5EC57-E65E-4B28-80A7-8CF492C48D05}.Release|Any CPU.Build.0 = Release|Any CPU
		{2CD5EC57-E65E-4B28-80A7-8CF492C48D05}.Test-Level|Any CPU.ActiveCfg = Controller|Any CPU
		{2CD5EC57-E65E-4B28-80A7-8CF492C48D05}.Test-Level|Any CPU.Build.0 = Controller|Any CPU
	EndGlobalSection
	GlobalSection(SolutionProperties) = preSolution
		HideSolutionNode = FALSE
	EndGlobalSection
	GlobalSection(ExtensibilityGlobals) = postSolution
		SolutionGuid = {AE49047A-8541-496B-9D87-6F826941D543}
	EndGlobalSection
EndGlobal
